
Microsoft Visual Studio Solution File, Format Version 12.00
# Visual Studio Version 17
VisualStudioVersion = 17.7.34202.233
MinimumVisualStudioVersion = 10.0.40219.1
Project("{8BC9CEB8-8B4A-11D0-8D11-00A0C91BC942}") = "report_3-1", "report_3-1\report_3-1.vcxproj", "{AEA9EEC4-2D34-4938-BBC4-7676BE453AB9}"
EndProject
Global
	GlobalSection(SolutionConfigurationPlatforms) = preSolution
		Debug|x64 = Debug|x64
		Debug|x86 = Debug|x86
		Release|x64 = Release|x64
		Release|x86 = Release|x86
	EndGlobalSection
	GlobalSection(ProjectConfigurationPlatforms) = postSolution
		{AEA9EEC4-2D34-4938-BBC4-7676BE453AB9}.Debug|x64.ActiveCfg = Debug|x64
		{AEA9EEC4-2D34-4938-BBC4-7676BE453AB9}.Debug|x64.Build.0 = Debug|x64
		{AEA9EEC4-2D34-4938-BBC4-7676BE453AB9}.Debug|x86.ActiveCfg = Debug|Win32
		{AEA9EEC4-2D34-4938-BBC4-7676BE453AB9}.Debug|x86.Build.0 = Debug|Win32
		{AEA9EEC4-2D34-4938-BBC4-7676BE453AB9}.Release|x64.ActiveCfg = Release|x64
		{AEA9EEC4-2D34-4938-BBC4-7676BE453AB9}.Release|x64.Build.0 = Release|x64
		{AEA9EEC4-2D34-4938-BBC4-7676BE453AB9}.Release|x86.ActiveCfg = Release|Win32
		{AEA9EEC4-2D34-4938-BBC4-7676BE453AB9}.Release|x86.Build.0 = Release|Win32
	EndGlobalSection
	GlobalSection(SolutionProperties) = preSolution
		HideSolutionNode = FALSE
	EndGlobalSection
	GlobalSection(ExtensibilityGlobals) = postSolution
		SolutionGuid = {D2077A6F-D626-40C6-BBEF-C6B7FA2EE669}
	EndGlobalSection
EndGlobal
