
Microsoft Visual Studio Solution File, Format Version 12.00
# Visual Studio Version 17
VisualStudioVersion = 17.7.34202.233
MinimumVisualStudioVersion = 10.0.40219.1
Project("{8BC9CEB8-8B4A-11D0-8D11-00A0C91BC942}") = "practice_2-3", "practice_2-3\practice_2-3.vcxproj", "{EDC8A9AE-F501-452A-85FB-80F60146449C}"
EndProject
Global
	GlobalSection(SolutionConfigurationPlatforms) = preSolution
		Debug|x64 = Debug|x64
		Debug|x86 = Debug|x86
		Release|x64 = Release|x64
		Release|x86 = Release|x86
	EndGlobalSection
	GlobalSection(ProjectConfigurationPlatforms) = postSolution
		{EDC8A9AE-F501-452A-85FB-80F60146449C}.Debug|x64.ActiveCfg = Debug|x64
		{EDC8A9AE-F501-452A-85FB-80F60146449C}.Debug|x64.Build.0 = Debug|x64
		{EDC8A9AE-F501-452A-85FB-80F60146449C}.Debug|x86.ActiveCfg = Debug|Win32
		{EDC8A9AE-F501-452A-85FB-80F60146449C}.Debug|x86.Build.0 = Debug|Win32
		{EDC8A9AE-F501-452A-85FB-80F60146449C}.Release|x64.ActiveCfg = Release|x64
		{EDC8A9AE-F501-452A-85FB-80F60146449C}.Release|x64.Build.0 = Release|x64
		{EDC8A9AE-F501-452A-85FB-80F60146449C}.Release|x86.ActiveCfg = Release|Win32
		{EDC8A9AE-F501-452A-85FB-80F60146449C}.Release|x86.Build.0 = Release|Win32
	EndGlobalSection
	GlobalSection(SolutionProperties) = preSolution
		HideSolutionNode = FALSE
	EndGlobalSection
	GlobalSection(ExtensibilityGlobals) = postSolution
		SolutionGuid = {8C9F6F1D-B9C3-47F4-93B9-C1F6ABAD61E9}
	EndGlobalSection
EndGlobal
